{
  "name": "www",
  "version": "1.0.0",
  "lockfileVersion": 1,
  "requires": true,
  "dependencies": {
    "@fortawesome/fontawesome-free": {
      "version": "5.7.2",
      "resolved": "https://registry.npmjs.org/@fortawesome/fontawesome-free/-/fontawesome-free-5.7.2.tgz",
      "integrity": "sha512-Ha4HshKdCVKgu4TVCtG8XyPPYdzTzNW4/fvPnn+LT7AosRABryhlRv4cc4+o84dgpvVJN9reN7jo/c+nYujFug==",
      "dev": true
    },
    "animsition": {
      "version": "4.0.2",
      "resolved": "https://registry.npmjs.org/animsition/-/animsition-4.0.2.tgz",
      "integrity": "sha1-2MbmCwpWNeMoG5YkAsoqWxa2cU4="
    },
    "bootstrap": {
      "version": "4.3.1",
      "resolved": "https://registry.npmjs.org/bootstrap/-/bootstrap-4.3.1.tgz",
      "integrity": "sha512-rXqOmH1VilAt2DyPzluTi2blhk17bO7ef+zLLPlWvG494pDxcM234pJ8wTc/6R40UWizAIIMgxjvxZg5kmsbag=="
    },
    "cocoen": {
      "version": "2.0.5",
      "resolved": "https://registry.npmjs.org/cocoen/-/cocoen-2.0.5.tgz",
      "integrity": "sha512-uY8FGId3Lq5PoBh24Hp5pq6Gg3Po4eot/5sIzFpM1/Tnkq1D8lKYj+LMlmr9SeEKHeYEpkT046XK4Au3YcOOqw=="
    },
    "ekko-lightbox": {
      "version": "5.3.0",
      "resolved": "https://registry.npmjs.org/ekko-lightbox/-/ekko-lightbox-5.3.0.tgz",
      "integrity": "sha512-mbacwySuVD3Ad6F2hTkjSTvJt59bcVv2l/TmBerp4xZnLak8tPtA4AScUn4DL42c1ksTiAO6sGhJZ52P/1Qgew=="
    },
    "fullpage.js": {
      "version": "3.0.4",
      "resolved": "https://registry.npmjs.org/fullpage.js/-/fullpage.js-3.0.4.tgz",
      "integrity": "sha512-GWpud0Gvr8i4k3QySoajFevO18UBKMJ9znU3o4uaXZkKYqLtS8d1BSQoAARmYwYgBLOw3YrKAG+4LoaIokO1UA=="
    },
    "in-view": {
      "version": "0.6.1",
      "resolved": "https://registry.npmjs.org/in-view/-/in-view-0.6.1.tgz",
      "integrity": "sha1-+fmbXVpv4BNZ2eGcVwMCoxIbr0I=",
      "requires": {
        "lodash": "^4.15.0"
      }
    },
    "jquery": {
      "version": "3.3.1",
      "resolved": "https://registry.npmjs.org/jquery/-/jquery-3.3.1.tgz",
      "integrity": "sha512-Ubldcmxp5np52/ENotGxlLe6aGMvmF4R8S6tZjsP6Knsaxd/xp3Zrh50cG93lR6nPXyUFwzN3ZSOQI0wRJNdGg=="
    },
    "jquery-backstretch": {
      "version": "2.1.17",
      "resolved": "https://registry.npmjs.org/jquery-backstretch/-/jquery-backstretch-2.1.17.tgz",
      "integrity": "sha512-GFaZ7uzqIRvq4sKHpQCDghYVirX1dGfMLpMtTrv3d4vRNO96LkkzcZ7Cnkk+/nPX2VDxBh8G1FfO9hcY61J5CQ==",
      "requires": {
        "jquery": "^3.1.1"
      }
    },
    "lodash": {
      "version": "4.17.11",
      "resolved": "https://registry.npmjs.org/lodash/-/lodash-4.17.11.tgz",
      "integrity": "sha512-cQKh8igo5QUhZ7lg38DYWAxMvjSAKG0A8wGSVimP07SIUEK2UO+arSRKbRZWtelMtN5V0Hkwh5ryOto/SshYIg=="
    },
    "scrollreveal": {
      "version": "3.4.0",
      "resolved": "https://registry.npmjs.org/scrollreveal/-/scrollreveal-3.4.0.tgz",
      "integrity": "sha512-clyIvaRqSsuU8kn3kg/7JhBdLfw9knUccUbyoZCqtSDb870XOqT58CKpS9IMnqw8AwFvHiFVfyhU9XP/GpiY5w=="
    },
    "tilt.js": {
      "version": "1.2.1",
      "resolved": "https://registry.npmjs.org/tilt.js/-/tilt.js-1.2.1.tgz",
      "integrity": "sha512-IGRh3FJbq6BRH2ETb2KxDWont2k740oR+0QMs39QVkjnr7QmA6L1VzSKsOLgFXg5QNtHyRKp7vzFoJCYxgzsJA==",
      "requires": {
        "jquery": "^3.1.1"
      }
    }
  }
}
